
Microsoft Visual Studio Solution File, Format Version 12.00
# Visual Studio Version 16
VisualStudioVersion = 16.0.809.6
MinimumVisualStudioVersion = 10.0.40219.1
Project("{FAE04EC0-301F-11D3-BF4B-00C04F79EFBC}") = "Employee", "Employee\Employee.csproj", "{90D9850A-2A07-420B-8E91-A839DF7EF328}"
EndProject
Global
	GlobalSection(SolutionConfigurationPlatforms) = preSolution
		Debug|Any CPU = Debug|Any CPU
		Release|Any CPU = Release|Any CPU
	EndGlobalSection
	GlobalSection(ProjectConfigurationPlatforms) = postSolution
		{90D9850A-2A07-420B-8E91-A839DF7EF328}.Debug|Any CPU.ActiveCfg = Debug|Any CPU
		{90D9850A-2A07-420B-8E91-A839DF7EF328}.Debug|Any CPU.Build.0 = Debug|Any CPU
		{90D9850A-2A07-420B-8E91-A839DF7EF328}.Release|Any CPU.ActiveCfg = Release|Any CPU
		{90D9850A-2A07-420B-8E91-A839DF7EF328}.Release|Any CPU.Build.0 = Release|Any CPU
	EndGlobalSection
	GlobalSection(SolutionProperties) = preSolution
		HideSolutionNode = FALSE
	EndGlobalSection
	GlobalSection(ExtensibilityGlobals) = postSolution
		SolutionGuid = {1B1D9847-EE65-4606-8A31-16B911D09BF3}
	EndGlobalSection
EndGlobal
