
Microsoft Visual Studio Solution File, Format Version 12.00
# Visual Studio Version 16
VisualStudioVersion = 16.0.31112.23
MinimumVisualStudioVersion = 10.0.40219.1
Project("{FAE04EC0-301F-11D3-BF4B-00C04F79EFBC}") = "Design", "Design\Design.csproj", "{F32C81CB-6707-4947-9475-0CB0EF13FAE5}"
EndProject
Global
	GlobalSection(SolutionConfigurationPlatforms) = preSolution
		Debug|Any CPU = Debug|Any CPU
		Release|Any CPU = Release|Any CPU
	EndGlobalSection
	GlobalSection(ProjectConfigurationPlatforms) = postSolution
		{F32C81CB-6707-4947-9475-0CB0EF13FAE5}.Debug|Any CPU.ActiveCfg = Debug|Any CPU
		{F32C81CB-6707-4947-9475-0CB0EF13FAE5}.Debug|Any CPU.Build.0 = Debug|Any CPU
		{F32C81CB-6707-4947-9475-0CB0EF13FAE5}.Release|Any CPU.ActiveCfg = Release|Any CPU
		{F32C81CB-6707-4947-9475-0CB0EF13FAE5}.Release|Any CPU.Build.0 = Release|Any CPU
	EndGlobalSection
	GlobalSection(SolutionProperties) = preSolution
		HideSolutionNode = FALSE
	EndGlobalSection
	GlobalSection(ExtensibilityGlobals) = postSolution
		SolutionGuid = {32A5C883-A1E1-4840-8F07-629DE398F2C6}
	EndGlobalSection
EndGlobal
