
Microsoft Visual Studio Solution File, Format Version 12.00
# Visual Studio Version 16
VisualStudioVersion = 16.0.31313.79
MinimumVisualStudioVersion = 10.0.40219.1
Project("{FAE04EC0-301F-11D3-BF4B-00C04F79EFBC}") = "Protoyype", "Protoyype\Protoyype.csproj", "{A56C2C54-7420-4232-A532-D71CF54474B2}"
EndProject
Global
	GlobalSection(SolutionConfigurationPlatforms) = preSolution
		Debug|Any CPU = Debug|Any CPU
		Release|Any CPU = Release|Any CPU
	EndGlobalSection
	GlobalSection(ProjectConfigurationPlatforms) = postSolution
		{A56C2C54-7420-4232-A532-D71CF54474B2}.Debug|Any CPU.ActiveCfg = Debug|Any CPU
		{A56C2C54-7420-4232-A532-D71CF54474B2}.Debug|Any CPU.Build.0 = Debug|Any CPU
		{A56C2C54-7420-4232-A532-D71CF54474B2}.Release|Any CPU.ActiveCfg = Release|Any CPU
		{A56C2C54-7420-4232-A532-D71CF54474B2}.Release|Any CPU.Build.0 = Release|Any CPU
	EndGlobalSection
	GlobalSection(SolutionProperties) = preSolution
		HideSolutionNode = FALSE
	EndGlobalSection
	GlobalSection(ExtensibilityGlobals) = postSolution
		SolutionGuid = {CAC63988-ADBC-4DBD-B4E0-6EB9A213A35B}
	EndGlobalSection
EndGlobal
