
Microsoft Visual Studio Solution File, Format Version 12.00
# Visual Studio Version 16
VisualStudioVersion = 16.0.31205.134
MinimumVisualStudioVersion = 10.0.40219.1
Project("{FAE04EC0-301F-11D3-BF4B-00C04F79EFBC}") = "ConceptDesignPattren", "ConceptDesignPattren\ConceptDesignPattren.csproj", "{2AAD1940-AFAD-4DE4-8F24-71451A38D978}"
EndProject
Global
	GlobalSection(SolutionConfigurationPlatforms) = preSolution
		Debug|Any CPU = Debug|Any CPU
		Release|Any CPU = Release|Any CPU
	EndGlobalSection
	GlobalSection(ProjectConfigurationPlatforms) = postSolution
		{2AAD1940-AFAD-4DE4-8F24-71451A38D978}.Debug|Any CPU.ActiveCfg = Debug|Any CPU
		{2AAD1940-AFAD-4DE4-8F24-71451A38D978}.Debug|Any CPU.Build.0 = Debug|Any CPU
		{2AAD1940-AFAD-4DE4-8F24-71451A38D978}.Release|Any CPU.ActiveCfg = Release|Any CPU
		{2AAD1940-AFAD-4DE4-8F24-71451A38D978}.Release|Any CPU.Build.0 = Release|Any CPU
	EndGlobalSection
	GlobalSection(SolutionProperties) = preSolution
		HideSolutionNode = FALSE
	EndGlobalSection
	GlobalSection(ExtensibilityGlobals) = postSolution
		SolutionGuid = {767D8DB6-F29D-4154-951D-5DEDA6AE80CA}
	EndGlobalSection
EndGlobal
